
Microsoft Visual Studio Solution File, Format Version 12.00
# Visual Studio Version 17
VisualStudioVersion = 17.10.35027.167
MinimumVisualStudioVersion = 10.0.40219.1
Project("{8BC9CEB8-8B4A-11D0-8D11-00A0C91BC942}") = "DirectX12", "DirectX12.vcxproj", "{22F016B7-4D76-4C72-BEF0-264627B8C7DB}"
EndProject
Global
	GlobalSection(SolutionConfigurationPlatforms) = preSolution
		Debug|x64 = Debug|x64
		Debug|x86 = Debug|x86
		Release|x64 = Release|x64
		Release|x86 = Release|x86
	EndGlobalSection
	GlobalSection(ProjectConfigurationPlatforms) = postSolution
		{22F016B7-4D76-4C72-BEF0-264627B8C7DB}.Debug|x64.ActiveCfg = Debug|x64
		{22F016B7-4D76-4C72-BEF0-264627B8C7DB}.Debug|x64.Build.0 = Debug|x64
		{22F016B7-4D76-4C72-BEF0-264627B8C7DB}.Debug|x86.ActiveCfg = Debug|Win32
		{22F016B7-4D76-4C72-BEF0-264627B8C7DB}.Debug|x86.Build.0 = Debug|Win32
		{22F016B7-4D76-4C72-BEF0-264627B8C7DB}.Release|x64.ActiveCfg = Release|x64
		{22F016B7-4D76-4C72-BEF0-264627B8C7DB}.Release|x64.Build.0 = Release|x64
		{22F016B7-4D76-4C72-BEF0-264627B8C7DB}.Release|x86.ActiveCfg = Release|Win32
		{22F016B7-4D76-4C72-BEF0-264627B8C7DB}.Release|x86.Build.0 = Release|Win32
	EndGlobalSection
	GlobalSection(SolutionProperties) = preSolution
		HideSolutionNode = FALSE
	EndGlobalSection
	GlobalSection(ExtensibilityGlobals) = postSolution
		SolutionGuid = {033ADDB6-33AA-4A82-90E7-3284215CE1F5}
	EndGlobalSection
EndGlobal
